{
  "requires": true,
  "lockfileVersion": 1,
  "dependencies": {
    "ghoul_test1": {
      "version": "1.0.0",
      "resolved": "https://registry.npmjs.org/ghoul_test1/-/ghoul_test1-1.0.0.tgz",
      "integrity": "sha512-7ezrt4h38WV42pCXmyXdTgeGf/R190/LuFAkvW/PfeYRkk1UV8s++GUB/giovAzhqGnKwtbEch7smLNhCD3FGA=="
    }
  }
}
